
Microsoft Visual Studio Solution File, Format Version 12.00
# Visual Studio 15
VisualStudioVersion = 15.0.26403.3
MinimumVisualStudioVersion = 10.0.40219.1
Project("{8BC9CEB8-8B4A-11D0-8D11-00A0C91BC942}") = "AW", "NiNJA Engine v2\AW\AW.vcxproj", "{395EAC92-6EEE-4916-A307-B9755150FAEE}"
	ProjectSection(ProjectDependencies) = postProject
		{83FEF217-22EE-4768-80BF-9F48D5B4564C} = {83FEF217-22EE-4768-80BF-9F48D5B4564C}
	EndProjectSection
EndProject
Project("{8BC9CEB8-8B4A-11D0-8D11-00A0C91BC942}") = "BO1", "NiNJA Engine v2\BO1\BO1.vcxproj", "{4031E180-E1D5-4CD2-969E-609328CE366B}"
EndProject
Project("{8BC9CEB8-8B4A-11D0-8D11-00A0C91BC942}") = "BO2", "NiNJA Engine v2\BO2\BO2.vcxproj", "{BC215EB8-48DC-4F7F-9661-93813391DEE4}"
EndProject
Project("{8BC9CEB8-8B4A-11D0-8D11-00A0C91BC942}") = "BO3", "NiNJA Engine v2\BO3\BO3.vcxproj", "{D0D9D8E4-7BBF-4E95-BA70-BB02DA868F16}"
EndProject
Project("{8BC9CEB8-8B4A-11D0-8D11-00A0C91BC942}") = "GHO", "NiNJA Engine v2\GHO\GHO.vcxproj", "{DDB7F8FE-EB85-4FFA-8D98-CF7587905995}"
EndProject
Project("{8BC9CEB8-8B4A-11D0-8D11-00A0C91BC942}") = "MW1", "NiNJA Engine v2\MW1\MW1.vcxproj", "{B55C2C1A-1A6D-48C2-928B-EAB066A5F7F9}"
EndProject
Project("{8BC9CEB8-8B4A-11D0-8D11-00A0C91BC942}") = "MW2", "NiNJA Engine v2\MW2\MW2.vcxproj", "{9F6B1419-8E16-4E61-A60A-9F10BDD48E5E}"
EndProject
Project("{8BC9CEB8-8B4A-11D0-8D11-00A0C91BC942}") = "MW3", "NiNJA Engine v2\MW3\MW3.vcxproj", "{61482D75-8B0A-42BE-A41C-A39C3C32C016}"
EndProject
Project("{8BC9CEB8-8B4A-11D0-8D11-00A0C91BC942}") = "WAW", "NiNJA Engine v2\WAW\WAW.vcxproj", "{E8BB90EE-F977-4712-9FCD-FDC9C39AE407}"
EndProject
Project("{8BC9CEB8-8B4A-11D0-8D11-00A0C91BC942}") = "xkelib", "NiNJA Engine v2\src\xkelib\xkelib.vcxproj", "{83FEF217-22EE-4768-80BF-9F48D5B4564C}"
EndProject
Global
	GlobalSection(SolutionConfigurationPlatforms) = preSolution
		Debug Retail|Xbox 360 = Debug Retail|Xbox 360
		Release Retail|Xbox 360 = Release Retail|Xbox 360
		Release20871.0|Xbox 360 = Release20871.0|Xbox 360
		Release21119.0|Xbox 360 = Release21119.0|Xbox 360
		Release21173.0|Xbox 360 = Release21173.0|Xbox 360
		Release21250.0|Xbox 360 = Release21250.0|Xbox 360
		Release21256.0|Xbox 360 = Release21256.0|Xbox 360
	EndGlobalSection
	GlobalSection(ProjectConfigurationPlatforms) = postSolution
		{395EAC92-6EEE-4916-A307-B9755150FAEE}.Debug Retail|Xbox 360.ActiveCfg = Debug Retail|Xbox 360
		{395EAC92-6EEE-4916-A307-B9755150FAEE}.Debug Retail|Xbox 360.Build.0 = Debug Retail|Xbox 360
		{395EAC92-6EEE-4916-A307-B9755150FAEE}.Release Retail|Xbox 360.ActiveCfg = Release Retail|Xbox 360
		{395EAC92-6EEE-4916-A307-B9755150FAEE}.Release Retail|Xbox 360.Build.0 = Release Retail|Xbox 360
		{395EAC92-6EEE-4916-A307-B9755150FAEE}.Release20871.0|Xbox 360.ActiveCfg = Release Retail|Xbox 360
		{395EAC92-6EEE-4916-A307-B9755150FAEE}.Release20871.0|Xbox 360.Build.0 = Release Retail|Xbox 360
		{395EAC92-6EEE-4916-A307-B9755150FAEE}.Release20871.0|Xbox 360.Deploy.0 = Release Retail|Xbox 360
		{395EAC92-6EEE-4916-A307-B9755150FAEE}.Release21119.0|Xbox 360.ActiveCfg = Release Retail|Xbox 360
		{395EAC92-6EEE-4916-A307-B9755150FAEE}.Release21119.0|Xbox 360.Build.0 = Release Retail|Xbox 360
		{395EAC92-6EEE-4916-A307-B9755150FAEE}.Release21119.0|Xbox 360.Deploy.0 = Release Retail|Xbox 360
		{395EAC92-6EEE-4916-A307-B9755150FAEE}.Release21173.0|Xbox 360.ActiveCfg = Release Retail|Xbox 360
		{395EAC92-6EEE-4916-A307-B9755150FAEE}.Release21173.0|Xbox 360.Build.0 = Release Retail|Xbox 360
		{395EAC92-6EEE-4916-A307-B9755150FAEE}.Release21173.0|Xbox 360.Deploy.0 = Release Retail|Xbox 360
		{395EAC92-6EEE-4916-A307-B9755150FAEE}.Release21250.0|Xbox 360.ActiveCfg = Release Retail|Xbox 360
		{395EAC92-6EEE-4916-A307-B9755150FAEE}.Release21250.0|Xbox 360.Build.0 = Release Retail|Xbox 360
		{395EAC92-6EEE-4916-A307-B9755150FAEE}.Release21250.0|Xbox 360.Deploy.0 = Release Retail|Xbox 360
		{395EAC92-6EEE-4916-A307-B9755150FAEE}.Release21256.0|Xbox 360.ActiveCfg = Release Retail|Xbox 360
		{395EAC92-6EEE-4916-A307-B9755150FAEE}.Release21256.0|Xbox 360.Build.0 = Release Retail|Xbox 360
		{395EAC92-6EEE-4916-A307-B9755150FAEE}.Release21256.0|Xbox 360.Deploy.0 = Release Retail|Xbox 360
		{4031E180-E1D5-4CD2-969E-609328CE366B}.Debug Retail|Xbox 360.ActiveCfg = Debug Retail|Xbox 360
		{4031E180-E1D5-4CD2-969E-609328CE366B}.Debug Retail|Xbox 360.Build.0 = Debug Retail|Xbox 360
		{4031E180-E1D5-4CD2-969E-609328CE366B}.Release Retail|Xbox 360.ActiveCfg = Release Retail|Xbox 360
		{4031E180-E1D5-4CD2-969E-609328CE366B}.Release Retail|Xbox 360.Build.0 = Release Retail|Xbox 360
		{4031E180-E1D5-4CD2-969E-609328CE366B}.Release20871.0|Xbox 360.ActiveCfg = Release Retail|Xbox 360
		{4031E180-E1D5-4CD2-969E-609328CE366B}.Release20871.0|Xbox 360.Build.0 = Release Retail|Xbox 360
		{4031E180-E1D5-4CD2-969E-609328CE366B}.Release20871.0|Xbox 360.Deploy.0 = Release Retail|Xbox 360
		{4031E180-E1D5-4CD2-969E-609328CE366B}.Release21119.0|Xbox 360.ActiveCfg = Release Retail|Xbox 360
		{4031E180-E1D5-4CD2-969E-609328CE366B}.Release21119.0|Xbox 360.Build.0 = Release Retail|Xbox 360
		{4031E180-E1D5-4CD2-969E-609328CE366B}.Release21119.0|Xbox 360.Deploy.0 = Release Retail|Xbox 360
		{4031E180-E1D5-4CD2-969E-609328CE366B}.Release21173.0|Xbox 360.ActiveCfg = Release Retail|Xbox 360
		{4031E180-E1D5-4CD2-969E-609328CE366B}.Release21173.0|Xbox 360.Build.0 = Release Retail|Xbox 360
		{4031E180-E1D5-4CD2-969E-609328CE366B}.Release21173.0|Xbox 360.Deploy.0 = Release Retail|Xbox 360
		{4031E180-E1D5-4CD2-969E-609328CE366B}.Release21250.0|Xbox 360.ActiveCfg = Release Retail|Xbox 360
		{4031E180-E1D5-4CD2-969E-609328CE366B}.Release21250.0|Xbox 360.Build.0 = Release Retail|Xbox 360
		{4031E180-E1D5-4CD2-969E-609328CE366B}.Release21250.0|Xbox 360.Deploy.0 = Release Retail|Xbox 360
		{4031E180-E1D5-4CD2-969E-609328CE366B}.Release21256.0|Xbox 360.ActiveCfg = Release Retail|Xbox 360
		{4031E180-E1D5-4CD2-969E-609328CE366B}.Release21256.0|Xbox 360.Build.0 = Release Retail|Xbox 360
		{4031E180-E1D5-4CD2-969E-609328CE366B}.Release21256.0|Xbox 360.Deploy.0 = Release Retail|Xbox 360
		{BC215EB8-48DC-4F7F-9661-93813391DEE4}.Debug Retail|Xbox 360.ActiveCfg = Debug Retail|Xbox 360
		{BC215EB8-48DC-4F7F-9661-93813391DEE4}.Debug Retail|Xbox 360.Build.0 = Debug Retail|Xbox 360
		{BC215EB8-48DC-4F7F-9661-93813391DEE4}.Release Retail|Xbox 360.ActiveCfg = Release Retail|Xbox 360
		{BC215EB8-48DC-4F7F-9661-93813391DEE4}.Release Retail|Xbox 360.Build.0 = Release Retail|Xbox 360
		{BC215EB8-48DC-4F7F-9661-93813391DEE4}.Release20871.0|Xbox 360.ActiveCfg = Release Retail|Xbox 360
		{BC215EB8-48DC-4F7F-9661-93813391DEE4}.Release20871.0|Xbox 360.Build.0 = Release Retail|Xbox 360
		{BC215EB8-48DC-4F7F-9661-93813391DEE4}.Release20871.0|Xbox 360.Deploy.0 = Release Retail|Xbox 360
		{BC215EB8-48DC-4F7F-9661-93813391DEE4}.Release21119.0|Xbox 360.ActiveCfg = Release Retail|Xbox 360
		{BC215EB8-48DC-4F7F-9661-93813391DEE4}.Release21119.0|Xbox 360.Build.0 = Release Retail|Xbox 360
		{BC215EB8-48DC-4F7F-9661-93813391DEE4}.Release21119.0|Xbox 360.Deploy.0 = Release Retail|Xbox 360
		{BC215EB8-48DC-4F7F-9661-93813391DEE4}.Release21173.0|Xbox 360.ActiveCfg = Release Retail|Xbox 360
		{BC215EB8-48DC-4F7F-9661-93813391DEE4}.Release21173.0|Xbox 360.Build.0 = Release Retail|Xbox 360
		{BC215EB8-48DC-4F7F-9661-93813391DEE4}.Release21173.0|Xbox 360.Deploy.0 = Release Retail|Xbox 360
		{BC215EB8-48DC-4F7F-9661-93813391DEE4}.Release21250.0|Xbox 360.ActiveCfg = Release Retail|Xbox 360
		{BC215EB8-48DC-4F7F-9661-93813391DEE4}.Release21250.0|Xbox 360.Build.0 = Release Retail|Xbox 360
		{BC215EB8-48DC-4F7F-9661-93813391DEE4}.Release21250.0|Xbox 360.Deploy.0 = Release Retail|Xbox 360
		{BC215EB8-48DC-4F7F-9661-93813391DEE4}.Release21256.0|Xbox 360.ActiveCfg = Release Retail|Xbox 360
		{BC215EB8-48DC-4F7F-9661-93813391DEE4}.Release21256.0|Xbox 360.Build.0 = Release Retail|Xbox 360
		{BC215EB8-48DC-4F7F-9661-93813391DEE4}.Release21256.0|Xbox 360.Deploy.0 = Release Retail|Xbox 360
		{D0D9D8E4-7BBF-4E95-BA70-BB02DA868F16}.Debug Retail|Xbox 360.ActiveCfg = Debug Retail|Xbox 360
		{D0D9D8E4-7BBF-4E95-BA70-BB02DA868F16}.Debug Retail|Xbox 360.Build.0 = Debug Retail|Xbox 360
		{D0D9D8E4-7BBF-4E95-BA70-BB02DA868F16}.Release Retail|Xbox 360.ActiveCfg = Release Retail|Xbox 360
		{D0D9D8E4-7BBF-4E95-BA70-BB02DA868F16}.Release Retail|Xbox 360.Build.0 = Release Retail|Xbox 360
		{D0D9D8E4-7BBF-4E95-BA70-BB02DA868F16}.Release20871.0|Xbox 360.ActiveCfg = Release Retail|Xbox 360
		{D0D9D8E4-7BBF-4E95-BA70-BB02DA868F16}.Release20871.0|Xbox 360.Build.0 = Release Retail|Xbox 360
		{D0D9D8E4-7BBF-4E95-BA70-BB02DA868F16}.Release20871.0|Xbox 360.Deploy.0 = Release Retail|Xbox 360
		{D0D9D8E4-7BBF-4E95-BA70-BB02DA868F16}.Release21119.0|Xbox 360.ActiveCfg = Release Retail|Xbox 360
		{D0D9D8E4-7BBF-4E95-BA70-BB02DA868F16}.Release21119.0|Xbox 360.Build.0 = Release Retail|Xbox 360
		{D0D9D8E4-7BBF-4E95-BA70-BB02DA868F16}.Release21119.0|Xbox 360.Deploy.0 = Release Retail|Xbox 360
		{D0D9D8E4-7BBF-4E95-BA70-BB02DA868F16}.Release21173.0|Xbox 360.ActiveCfg = Release Retail|Xbox 360
		{D0D9D8E4-7BBF-4E95-BA70-BB02DA868F16}.Release21173.0|Xbox 360.Build.0 = Release Retail|Xbox 360
		{D0D9D8E4-7BBF-4E95-BA70-BB02DA868F16}.Release21173.0|Xbox 360.Deploy.0 = Release Retail|Xbox 360
		{D0D9D8E4-7BBF-4E95-BA70-BB02DA868F16}.Release21250.0|Xbox 360.ActiveCfg = Release Retail|Xbox 360
		{D0D9D8E4-7BBF-4E95-BA70-BB02DA868F16}.Release21250.0|Xbox 360.Build.0 = Release Retail|Xbox 360
		{D0D9D8E4-7BBF-4E95-BA70-BB02DA868F16}.Release21250.0|Xbox 360.Deploy.0 = Release Retail|Xbox 360
		{D0D9D8E4-7BBF-4E95-BA70-BB02DA868F16}.Release21256.0|Xbox 360.ActiveCfg = Release Retail|Xbox 360
		{D0D9D8E4-7BBF-4E95-BA70-BB02DA868F16}.Release21256.0|Xbox 360.Build.0 = Release Retail|Xbox 360
		{D0D9D8E4-7BBF-4E95-BA70-BB02DA868F16}.Release21256.0|Xbox 360.Deploy.0 = Release Retail|Xbox 360
		{DDB7F8FE-EB85-4FFA-8D98-CF7587905995}.Debug Retail|Xbox 360.ActiveCfg = Debug Retail|Xbox 360
		{DDB7F8FE-EB85-4FFA-8D98-CF7587905995}.Debug Retail|Xbox 360.Build.0 = Debug Retail|Xbox 360
		{DDB7F8FE-EB85-4FFA-8D98-CF7587905995}.Release Retail|Xbox 360.ActiveCfg = Release Retail|Xbox 360
		{DDB7F8FE-EB85-4FFA-8D98-CF7587905995}.Release Retail|Xbox 360.Build.0 = Release Retail|Xbox 360
		{DDB7F8FE-EB85-4FFA-8D98-CF7587905995}.Release20871.0|Xbox 360.ActiveCfg = Release Retail|Xbox 360
		{DDB7F8FE-EB85-4FFA-8D98-CF7587905995}.Release20871.0|Xbox 360.Build.0 = Release Retail|Xbox 360
		{DDB7F8FE-EB85-4FFA-8D98-CF7587905995}.Release20871.0|Xbox 360.Deploy.0 = Release Retail|Xbox 360
		{DDB7F8FE-EB85-4FFA-8D98-CF7587905995}.Release21119.0|Xbox 360.ActiveCfg = Release Retail|Xbox 360
		{DDB7F8FE-EB85-4FFA-8D98-CF7587905995}.Release21119.0|Xbox 360.Build.0 = Release Retail|Xbox 360
		{DDB7F8FE-EB85-4FFA-8D98-CF7587905995}.Release21119.0|Xbox 360.Deploy.0 = Release Retail|Xbox 360
		{DDB7F8FE-EB85-4FFA-8D98-CF7587905995}.Release21173.0|Xbox 360.ActiveCfg = Release Retail|Xbox 360
		{DDB7F8FE-EB85-4FFA-8D98-CF7587905995}.Release21173.0|Xbox 360.Build.0 = Release Retail|Xbox 360
		{DDB7F8FE-EB85-4FFA-8D98-CF7587905995}.Release21173.0|Xbox 360.Deploy.0 = Release Retail|Xbox 360
		{DDB7F8FE-EB85-4FFA-8D98-CF7587905995}.Release21250.0|Xbox 360.ActiveCfg = Release Retail|Xbox 360
		{DDB7F8FE-EB85-4FFA-8D98-CF7587905995}.Release21250.0|Xbox 360.Build.0 = Release Retail|Xbox 360
		{DDB7F8FE-EB85-4FFA-8D98-CF7587905995}.Release21250.0|Xbox 360.Deploy.0 = Release Retail|Xbox 360
		{DDB7F8FE-EB85-4FFA-8D98-CF7587905995}.Release21256.0|Xbox 360.ActiveCfg = Release Retail|Xbox 360
		{DDB7F8FE-EB85-4FFA-8D98-CF7587905995}.Release21256.0|Xbox 360.Build.0 = Release Retail|Xbox 360
		{DDB7F8FE-EB85-4FFA-8D98-CF7587905995}.Release21256.0|Xbox 360.Deploy.0 = Release Retail|Xbox 360
		{B55C2C1A-1A6D-48C2-928B-EAB066A5F7F9}.Debug Retail|Xbox 360.ActiveCfg = Debug Retail|Xbox 360
		{B55C2C1A-1A6D-48C2-928B-EAB066A5F7F9}.Debug Retail|Xbox 360.Build.0 = Debug Retail|Xbox 360
		{B55C2C1A-1A6D-48C2-928B-EAB066A5F7F9}.Release Retail|Xbox 360.ActiveCfg = Release Retail|Xbox 360
		{B55C2C1A-1A6D-48C2-928B-EAB066A5F7F9}.Release Retail|Xbox 360.Build.0 = Release Retail|Xbox 360
		{B55C2C1A-1A6D-48C2-928B-EAB066A5F7F9}.Release20871.0|Xbox 360.ActiveCfg = Release Retail|Xbox 360
		{B55C2C1A-1A6D-48C2-928B-EAB066A5F7F9}.Release20871.0|Xbox 360.Build.0 = Release Retail|Xbox 360
		{B55C2C1A-1A6D-48C2-928B-EAB066A5F7F9}.Release20871.0|Xbox 360.Deploy.0 = Release Retail|Xbox 360
		{B55C2C1A-1A6D-48C2-928B-EAB066A5F7F9}.Release21119.0|Xbox 360.ActiveCfg = Release Retail|Xbox 360
		{B55C2C1A-1A6D-48C2-928B-EAB066A5F7F9}.Release21119.0|Xbox 360.Build.0 = Release Retail|Xbox 360
		{B55C2C1A-1A6D-48C2-928B-EAB066A5F7F9}.Release21119.0|Xbox 360.Deploy.0 = Release Retail|Xbox 360
		{B55C2C1A-1A6D-48C2-928B-EAB066A5F7F9}.Release21173.0|Xbox 360.ActiveCfg = Release Retail|Xbox 360
		{B55C2C1A-1A6D-48C2-928B-EAB066A5F7F9}.Release21173.0|Xbox 360.Build.0 = Release Retail|Xbox 360
		{B55C2C1A-1A6D-48C2-928B-EAB066A5F7F9}.Release21173.0|Xbox 360.Deploy.0 = Release Retail|Xbox 360
		{B55C2C1A-1A6D-48C2-928B-EAB066A5F7F9}.Release21250.0|Xbox 360.ActiveCfg = Release Retail|Xbox 360
		{B55C2C1A-1A6D-48C2-928B-EAB066A5F7F9}.Release21250.0|Xbox 360.Build.0 = Release Retail|Xbox 360
		{B55C2C1A-1A6D-48C2-928B-EAB066A5F7F9}.Release21250.0|Xbox 360.Deploy.0 = Release Retail|Xbox 360
		{B55C2C1A-1A6D-48C2-928B-EAB066A5F7F9}.Release21256.0|Xbox 360.ActiveCfg = Release Retail|Xbox 360
		{B55C2C1A-1A6D-48C2-928B-EAB066A5F7F9}.Release21256.0|Xbox 360.Build.0 = Release Retail|Xbox 360
		{B55C2C1A-1A6D-48C2-928B-EAB066A5F7F9}.Release21256.0|Xbox 360.Deploy.0 = Release Retail|Xbox 360
		{9F6B1419-8E16-4E61-A60A-9F10BDD48E5E}.Debug Retail|Xbox 360.ActiveCfg = Debug Retail|Xbox 360
		{9F6B1419-8E16-4E61-A60A-9F10BDD48E5E}.Debug Retail|Xbox 360.Build.0 = Debug Retail|Xbox 360
		{9F6B1419-8E16-4E61-A60A-9F10BDD48E5E}.Release Retail|Xbox 360.ActiveCfg = Release Retail|Xbox 360
		{9F6B1419-8E16-4E61-A60A-9F10BDD48E5E}.Release Retail|Xbox 360.Build.0 = Release Retail|Xbox 360
		{9F6B1419-8E16-4E61-A60A-9F10BDD48E5E}.Release20871.0|Xbox 360.ActiveCfg = Release Retail|Xbox 360
		{9F6B1419-8E16-4E61-A60A-9F10BDD48E5E}.Release20871.0|Xbox 360.Build.0 = Release Retail|Xbox 360
		{9F6B1419-8E16-4E61-A60A-9F10BDD48E5E}.Release20871.0|Xbox 360.Deploy.0 = Release Retail|Xbox 360
		{9F6B1419-8E16-4E61-A60A-9F10BDD48E5E}.Release21119.0|Xbox 360.ActiveCfg = Release Retail|Xbox 360
		{9F6B1419-8E16-4E61-A60A-9F10BDD48E5E}.Release21119.0|Xbox 360.Build.0 = Release Retail|Xbox 360
		{9F6B1419-8E16-4E61-A60A-9F10BDD48E5E}.Release21119.0|Xbox 360.Deploy.0 = Release Retail|Xbox 360
		{9F6B1419-8E16-4E61-A60A-9F10BDD48E5E}.Release21173.0|Xbox 360.ActiveCfg = Release Retail|Xbox 360
		{9F6B1419-8E16-4E61-A60A-9F10BDD48E5E}.Release21173.0|Xbox 360.Build.0 = Release Retail|Xbox 360
		{9F6B1419-8E16-4E61-A60A-9F10BDD48E5E}.Release21173.0|Xbox 360.Deploy.0 = Release Retail|Xbox 360
		{9F6B1419-8E16-4E61-A60A-9F10BDD48E5E}.Release21250.0|Xbox 360.ActiveCfg = Release Retail|Xbox 360
		{9F6B1419-8E16-4E61-A60A-9F10BDD48E5E}.Release21250.0|Xbox 360.Build.0 = Release Retail|Xbox 360
		{9F6B1419-8E16-4E61-A60A-9F10BDD48E5E}.Release21250.0|Xbox 360.Deploy.0 = Release Retail|Xbox 360
		{9F6B1419-8E16-4E61-A60A-9F10BDD48E5E}.Release21256.0|Xbox 360.ActiveCfg = Release Retail|Xbox 360
		{9F6B1419-8E16-4E61-A60A-9F10BDD48E5E}.Release21256.0|Xbox 360.Build.0 = Release Retail|Xbox 360
		{9F6B1419-8E16-4E61-A60A-9F10BDD48E5E}.Release21256.0|Xbox 360.Deploy.0 = Release Retail|Xbox 360
		{61482D75-8B0A-42BE-A41C-A39C3C32C016}.Debug Retail|Xbox 360.ActiveCfg = Debug Retail|Xbox 360
		{61482D75-8B0A-42BE-A41C-A39C3C32C016}.Debug Retail|Xbox 360.Build.0 = Debug Retail|Xbox 360
		{61482D75-8B0A-42BE-A41C-A39C3C32C016}.Release Retail|Xbox 360.ActiveCfg = Release Retail|Xbox 360
		{61482D75-8B0A-42BE-A41C-A39C3C32C016}.Release Retail|Xbox 360.Build.0 = Release Retail|Xbox 360
		{61482D75-8B0A-42BE-A41C-A39C3C32C016}.Release20871.0|Xbox 360.ActiveCfg = Release Retail|Xbox 360
		{61482D75-8B0A-42BE-A41C-A39C3C32C016}.Release20871.0|Xbox 360.Build.0 = Release Retail|Xbox 360
		{61482D75-8B0A-42BE-A41C-A39C3C32C016}.Release20871.0|Xbox 360.Deploy.0 = Release Retail|Xbox 360
		{61482D75-8B0A-42BE-A41C-A39C3C32C016}.Release21119.0|Xbox 360.ActiveCfg = Release Retail|Xbox 360
		{61482D75-8B0A-42BE-A41C-A39C3C32C016}.Release21119.0|Xbox 360.Build.0 = Release Retail|Xbox 360
		{61482D75-8B0A-42BE-A41C-A39C3C32C016}.Release21119.0|Xbox 360.Deploy.0 = Release Retail|Xbox 360
		{61482D75-8B0A-42BE-A41C-A39C3C32C016}.Release21173.0|Xbox 360.ActiveCfg = Release Retail|Xbox 360
		{61482D75-8B0A-42BE-A41C-A39C3C32C016}.Release21173.0|Xbox 360.Build.0 = Release Retail|Xbox 360
		{61482D75-8B0A-42BE-A41C-A39C3C32C016}.Release21173.0|Xbox 360.Deploy.0 = Release Retail|Xbox 360
		{61482D75-8B0A-42BE-A41C-A39C3C32C016}.Release21250.0|Xbox 360.ActiveCfg = Release Retail|Xbox 360
		{61482D75-8B0A-42BE-A41C-A39C3C32C016}.Release21250.0|Xbox 360.Build.0 = Release Retail|Xbox 360
		{61482D75-8B0A-42BE-A41C-A39C3C32C016}.Release21250.0|Xbox 360.Deploy.0 = Release Retail|Xbox 360
		{61482D75-8B0A-42BE-A41C-A39C3C32C016}.Release21256.0|Xbox 360.ActiveCfg = Release Retail|Xbox 360
		{61482D75-8B0A-42BE-A41C-A39C3C32C016}.Release21256.0|Xbox 360.Build.0 = Release Retail|Xbox 360
		{61482D75-8B0A-42BE-A41C-A39C3C32C016}.Release21256.0|Xbox 360.Deploy.0 = Release Retail|Xbox 360
		{E8BB90EE-F977-4712-9FCD-FDC9C39AE407}.Debug Retail|Xbox 360.ActiveCfg = Debug Retail|Xbox 360
		{E8BB90EE-F977-4712-9FCD-FDC9C39AE407}.Debug Retail|Xbox 360.Build.0 = Debug Retail|Xbox 360
		{E8BB90EE-F977-4712-9FCD-FDC9C39AE407}.Release Retail|Xbox 360.ActiveCfg = Release Retail|Xbox 360
		{E8BB90EE-F977-4712-9FCD-FDC9C39AE407}.Release Retail|Xbox 360.Build.0 = Release Retail|Xbox 360
		{E8BB90EE-F977-4712-9FCD-FDC9C39AE407}.Release20871.0|Xbox 360.ActiveCfg = Release Retail|Xbox 360
		{E8BB90EE-F977-4712-9FCD-FDC9C39AE407}.Release20871.0|Xbox 360.Build.0 = Release Retail|Xbox 360
		{E8BB90EE-F977-4712-9FCD-FDC9C39AE407}.Release20871.0|Xbox 360.Deploy.0 = Release Retail|Xbox 360
		{E8BB90EE-F977-4712-9FCD-FDC9C39AE407}.Release21119.0|Xbox 360.ActiveCfg = Release Retail|Xbox 360
		{E8BB90EE-F977-4712-9FCD-FDC9C39AE407}.Release21119.0|Xbox 360.Build.0 = Release Retail|Xbox 360
		{E8BB90EE-F977-4712-9FCD-FDC9C39AE407}.Release21119.0|Xbox 360.Deploy.0 = Release Retail|Xbox 360
		{E8BB90EE-F977-4712-9FCD-FDC9C39AE407}.Release21173.0|Xbox 360.ActiveCfg = Release Retail|Xbox 360
		{E8BB90EE-F977-4712-9FCD-FDC9C39AE407}.Release21173.0|Xbox 360.Build.0 = Release Retail|Xbox 360
		{E8BB90EE-F977-4712-9FCD-FDC9C39AE407}.Release21173.0|Xbox 360.Deploy.0 = Release Retail|Xbox 360
		{E8BB90EE-F977-4712-9FCD-FDC9C39AE407}.Release21250.0|Xbox 360.ActiveCfg = Release Retail|Xbox 360
		{E8BB90EE-F977-4712-9FCD-FDC9C39AE407}.Release21250.0|Xbox 360.Build.0 = Release Retail|Xbox 360
		{E8BB90EE-F977-4712-9FCD-FDC9C39AE407}.Release21250.0|Xbox 360.Deploy.0 = Release Retail|Xbox 360
		{E8BB90EE-F977-4712-9FCD-FDC9C39AE407}.Release21256.0|Xbox 360.ActiveCfg = Release Retail|Xbox 360
		{E8BB90EE-F977-4712-9FCD-FDC9C39AE407}.Release21256.0|Xbox 360.Build.0 = Release Retail|Xbox 360
		{E8BB90EE-F977-4712-9FCD-FDC9C39AE407}.Release21256.0|Xbox 360.Deploy.0 = Release Retail|Xbox 360
		{83FEF217-22EE-4768-80BF-9F48D5B4564C}.Debug Retail|Xbox 360.ActiveCfg = Release21256.0|Xbox 360
		{83FEF217-22EE-4768-80BF-9F48D5B4564C}.Debug Retail|Xbox 360.Build.0 = Release21256.0|Xbox 360
		{83FEF217-22EE-4768-80BF-9F48D5B4564C}.Debug Retail|Xbox 360.Deploy.0 = Release21256.0|Xbox 360
		{83FEF217-22EE-4768-80BF-9F48D5B4564C}.Release Retail|Xbox 360.ActiveCfg = Release21256.0|Xbox 360
		{83FEF217-22EE-4768-80BF-9F48D5B4564C}.Release Retail|Xbox 360.Build.0 = Release21256.0|Xbox 360
		{83FEF217-22EE-4768-80BF-9F48D5B4564C}.Release Retail|Xbox 360.Deploy.0 = Release21256.0|Xbox 360
		{83FEF217-22EE-4768-80BF-9F48D5B4564C}.Release20871.0|Xbox 360.ActiveCfg = Release20871.0|Xbox 360
		{83FEF217-22EE-4768-80BF-9F48D5B4564C}.Release20871.0|Xbox 360.Build.0 = Release20871.0|Xbox 360
		{83FEF217-22EE-4768-80BF-9F48D5B4564C}.Release20871.0|Xbox 360.Deploy.0 = Release20871.0|Xbox 360
		{83FEF217-22EE-4768-80BF-9F48D5B4564C}.Release21119.0|Xbox 360.ActiveCfg = Release21119.0|Xbox 360
		{83FEF217-22EE-4768-80BF-9F48D5B4564C}.Release21119.0|Xbox 360.Build.0 = Release21119.0|Xbox 360
		{83FEF217-22EE-4768-80BF-9F48D5B4564C}.Release21119.0|Xbox 360.Deploy.0 = Release21119.0|Xbox 360
		{83FEF217-22EE-4768-80BF-9F48D5B4564C}.Release21173.0|Xbox 360.ActiveCfg = Release21173.0|Xbox 360
		{83FEF217-22EE-4768-80BF-9F48D5B4564C}.Release21173.0|Xbox 360.Build.0 = Release21173.0|Xbox 360
		{83FEF217-22EE-4768-80BF-9F48D5B4564C}.Release21173.0|Xbox 360.Deploy.0 = Release21173.0|Xbox 360
		{83FEF217-22EE-4768-80BF-9F48D5B4564C}.Release21250.0|Xbox 360.ActiveCfg = Release21250.0|Xbox 360
		{83FEF217-22EE-4768-80BF-9F48D5B4564C}.Release21250.0|Xbox 360.Build.0 = Release21250.0|Xbox 360
		{83FEF217-22EE-4768-80BF-9F48D5B4564C}.Release21250.0|Xbox 360.Deploy.0 = Release21250.0|Xbox 360
		{83FEF217-22EE-4768-80BF-9F48D5B4564C}.Release21256.0|Xbox 360.ActiveCfg = Release21256.0|Xbox 360
		{83FEF217-22EE-4768-80BF-9F48D5B4564C}.Release21256.0|Xbox 360.Build.0 = Release21256.0|Xbox 360
		{83FEF217-22EE-4768-80BF-9F48D5B4564C}.Release21256.0|Xbox 360.Deploy.0 = Release21256.0|Xbox 360
	EndGlobalSection
	GlobalSection(SolutionProperties) = preSolution
		HideSolutionNode = FALSE
	EndGlobalSection
EndGlobal
